
Microsoft Visual Studio Solution File, Format Version 12.00
# Visual Studio 15
VisualStudioVersion = 15.0.26124.0
MinimumVisualStudioVersion = 15.0.26124.0
Project("{FAE04EC0-301F-11D3-BF4B-00C04F79EFBC}") = "Application", "Api.Application\Application.csproj", "{82604F9D-419F-434E-BFCF-5149DC04B880}"
EndProject
Project("{FAE04EC0-301F-11D3-BF4B-00C04F79EFBC}") = "Domain", "Api.Domain\Domain.csproj", "{B377053E-9D8E-4794-A794-A1B7D5FEA189}"
EndProject
Project("{FAE04EC0-301F-11D3-BF4B-00C04F79EFBC}") = "CrossCutting", "Api.CrossCutting\CrossCutting.csproj", "{7FAACF56-B18E-4BF1-9AA6-0796CC00EB64}"
EndProject
Project("{FAE04EC0-301F-11D3-BF4B-00C04F79EFBC}") = "Data", "Api.Data\Data.csproj", "{B5B34E88-8185-44E2-8591-EF7A4D83B912}"
EndProject
Project("{FAE04EC0-301F-11D3-BF4B-00C04F79EFBC}") = "Service", "Api.Service\Service.csproj", "{D82EE542-F83A-41F5-A529-9849AF32E69E}"
EndProject
Global
	GlobalSection(SolutionConfigurationPlatforms) = preSolution
		Debug|Any CPU = Debug|Any CPU
		Debug|x64 = Debug|x64
		Debug|x86 = Debug|x86
		Release|Any CPU = Release|Any CPU
		Release|x64 = Release|x64
		Release|x86 = Release|x86
	EndGlobalSection
	GlobalSection(SolutionProperties) = preSolution
		HideSolutionNode = FALSE
	EndGlobalSection
	GlobalSection(ProjectConfigurationPlatforms) = postSolution
		{82604F9D-419F-434E-BFCF-5149DC04B880}.Debug|Any CPU.ActiveCfg = Debug|Any CPU
		{82604F9D-419F-434E-BFCF-5149DC04B880}.Debug|Any CPU.Build.0 = Debug|Any CPU
		{82604F9D-419F-434E-BFCF-5149DC04B880}.Debug|x64.ActiveCfg = Debug|Any CPU
		{82604F9D-419F-434E-BFCF-5149DC04B880}.Debug|x64.Build.0 = Debug|Any CPU
		{82604F9D-419F-434E-BFCF-5149DC04B880}.Debug|x86.ActiveCfg = Debug|Any CPU
		{82604F9D-419F-434E-BFCF-5149DC04B880}.Debug|x86.Build.0 = Debug|Any CPU
		{82604F9D-419F-434E-BFCF-5149DC04B880}.Release|Any CPU.ActiveCfg = Release|Any CPU
		{82604F9D-419F-434E-BFCF-5149DC04B880}.Release|Any CPU.Build.0 = Release|Any CPU
		{82604F9D-419F-434E-BFCF-5149DC04B880}.Release|x64.ActiveCfg = Release|Any CPU
		{82604F9D-419F-434E-BFCF-5149DC04B880}.Release|x64.Build.0 = Release|Any CPU
		{82604F9D-419F-434E-BFCF-5149DC04B880}.Release|x86.ActiveCfg = Release|Any CPU
		{82604F9D-419F-434E-BFCF-5149DC04B880}.Release|x86.Build.0 = Release|Any CPU
		{B377053E-9D8E-4794-A794-A1B7D5FEA189}.Debug|Any CPU.ActiveCfg = Debug|Any CPU
		{B377053E-9D8E-4794-A794-A1B7D5FEA189}.Debug|Any CPU.Build.0 = Debug|Any CPU
		{B377053E-9D8E-4794-A794-A1B7D5FEA189}.Debug|x64.ActiveCfg = Debug|Any CPU
		{B377053E-9D8E-4794-A794-A1B7D5FEA189}.Debug|x64.Build.0 = Debug|Any CPU
		{B377053E-9D8E-4794-A794-A1B7D5FEA189}.Debug|x86.ActiveCfg = Debug|Any CPU
		{B377053E-9D8E-4794-A794-A1B7D5FEA189}.Debug|x86.Build.0 = Debug|Any CPU
		{B377053E-9D8E-4794-A794-A1B7D5FEA189}.Release|Any CPU.ActiveCfg = Release|Any CPU
		{B377053E-9D8E-4794-A794-A1B7D5FEA189}.Release|Any CPU.Build.0 = Release|Any CPU
		{B377053E-9D8E-4794-A794-A1B7D5FEA189}.Release|x64.ActiveCfg = Release|Any CPU
		{B377053E-9D8E-4794-A794-A1B7D5FEA189}.Release|x64.Build.0 = Release|Any CPU
		{B377053E-9D8E-4794-A794-A1B7D5FEA189}.Release|x86.ActiveCfg = Release|Any CPU
		{B377053E-9D8E-4794-A794-A1B7D5FEA189}.Release|x86.Build.0 = Release|Any CPU
		{7FAACF56-B18E-4BF1-9AA6-0796CC00EB64}.Debug|Any CPU.ActiveCfg = Debug|Any CPU
		{7FAACF56-B18E-4BF1-9AA6-0796CC00EB64}.Debug|Any CPU.Build.0 = Debug|Any CPU
		{7FAACF56-B18E-4BF1-9AA6-0796CC00EB64}.Debug|x64.ActiveCfg = Debug|Any CPU
		{7FAACF56-B18E-4BF1-9AA6-0796CC00EB64}.Debug|x64.Build.0 = Debug|Any CPU
		{7FAACF56-B18E-4BF1-9AA6-0796CC00EB64}.Debug|x86.ActiveCfg = Debug|Any CPU
		{7FAACF56-B18E-4BF1-9AA6-0796CC00EB64}.Debug|x86.Build.0 = Debug|Any CPU
		{7FAACF56-B18E-4BF1-9AA6-0796CC00EB64}.Release|Any CPU.ActiveCfg = Release|Any CPU
		{7FAACF56-B18E-4BF1-9AA6-0796CC00EB64}.Release|Any CPU.Build.0 = Release|Any CPU
		{7FAACF56-B18E-4BF1-9AA6-0796CC00EB64}.Release|x64.ActiveCfg = Release|Any CPU
		{7FAACF56-B18E-4BF1-9AA6-0796CC00EB64}.Release|x64.Build.0 = Release|Any CPU
		{7FAACF56-B18E-4BF1-9AA6-0796CC00EB64}.Release|x86.ActiveCfg = Release|Any CPU
		{7FAACF56-B18E-4BF1-9AA6-0796CC00EB64}.Release|x86.Build.0 = Release|Any CPU
		{B5B34E88-8185-44E2-8591-EF7A4D83B912}.Debug|Any CPU.ActiveCfg = Debug|Any CPU
		{B5B34E88-8185-44E2-8591-EF7A4D83B912}.Debug|Any CPU.Build.0 = Debug|Any CPU
		{B5B34E88-8185-44E2-8591-EF7A4D83B912}.Debug|x64.ActiveCfg = Debug|Any CPU
		{B5B34E88-8185-44E2-8591-EF7A4D83B912}.Debug|x64.Build.0 = Debug|Any CPU
		{B5B34E88-8185-44E2-8591-EF7A4D83B912}.Debug|x86.ActiveCfg = Debug|Any CPU
		{B5B34E88-8185-44E2-8591-EF7A4D83B912}.Debug|x86.Build.0 = Debug|Any CPU
		{B5B34E88-8185-44E2-8591-EF7A4D83B912}.Release|Any CPU.ActiveCfg = Release|Any CPU
		{B5B34E88-8185-44E2-8591-EF7A4D83B912}.Release|Any CPU.Build.0 = Release|Any CPU
		{B5B34E88-8185-44E2-8591-EF7A4D83B912}.Release|x64.ActiveCfg = Release|Any CPU
		{B5B34E88-8185-44E2-8591-EF7A4D83B912}.Release|x64.Build.0 = Release|Any CPU
		{B5B34E88-8185-44E2-8591-EF7A4D83B912}.Release|x86.ActiveCfg = Release|Any CPU
		{B5B34E88-8185-44E2-8591-EF7A4D83B912}.Release|x86.Build.0 = Release|Any CPU
		{D82EE542-F83A-41F5-A529-9849AF32E69E}.Debug|Any CPU.ActiveCfg = Debug|Any CPU
		{D82EE542-F83A-41F5-A529-9849AF32E69E}.Debug|Any CPU.Build.0 = Debug|Any CPU
		{D82EE542-F83A-41F5-A529-9849AF32E69E}.Debug|x64.ActiveCfg = Debug|Any CPU
		{D82EE542-F83A-41F5-A529-9849AF32E69E}.Debug|x64.Build.0 = Debug|Any CPU
		{D82EE542-F83A-41F5-A529-9849AF32E69E}.Debug|x86.ActiveCfg = Debug|Any CPU
		{D82EE542-F83A-41F5-A529-9849AF32E69E}.Debug|x86.Build.0 = Debug|Any CPU
		{D82EE542-F83A-41F5-A529-9849AF32E69E}.Release|Any CPU.ActiveCfg = Release|Any CPU
		{D82EE542-F83A-41F5-A529-9849AF32E69E}.Release|Any CPU.Build.0 = Release|Any CPU
		{D82EE542-F83A-41F5-A529-9849AF32E69E}.Release|x64.ActiveCfg = Release|Any CPU
		{D82EE542-F83A-41F5-A529-9849AF32E69E}.Release|x64.Build.0 = Release|Any CPU
		{D82EE542-F83A-41F5-A529-9849AF32E69E}.Release|x86.ActiveCfg = Release|Any CPU
		{D82EE542-F83A-41F5-A529-9849AF32E69E}.Release|x86.Build.0 = Release|Any CPU
	EndGlobalSection
EndGlobal
